
Microsoft Visual Studio Solution File, Format Version 12.00
# Visual Studio Version 16
VisualStudioVersion = 16.0.29215.179
MinimumVisualStudioVersion = 10.0.40219.1
Project("{FAE04EC0-301F-11D3-BF4B-00C04F79EFBC}") = "ConsoleApp1", "ConsoleApp1\ConsoleApp1.csproj", "{C6A5A6B6-0B93-4A52-9BFF-A86B7880BE8E}"
EndProject
Global
	GlobalSection(SolutionConfigurationPlatforms) = preSolution
		Debug|Any CPU = Debug|Any CPU
		Release|Any CPU = Release|Any CPU
	EndGlobalSection
	GlobalSection(ProjectConfigurationPlatforms) = postSolution
		{C6A5A6B6-0B93-4A52-9BFF-A86B7880BE8E}.Debug|Any CPU.ActiveCfg = Debug|Any CPU
		{C6A5A6B6-0B93-4A52-9BFF-A86B7880BE8E}.Debug|Any CPU.Build.0 = Debug|Any CPU
		{C6A5A6B6-0B93-4A52-9BFF-A86B7880BE8E}.Release|Any CPU.ActiveCfg = Release|Any CPU
		{C6A5A6B6-0B93-4A52-9BFF-A86B7880BE8E}.Release|Any CPU.Build.0 = Release|Any CPU
	EndGlobalSection
	GlobalSection(SolutionProperties) = preSolution
		HideSolutionNode = FALSE
	EndGlobalSection
	GlobalSection(ExtensibilityGlobals) = postSolution
		SolutionGuid = {1A1DAF85-DE66-4D1E-9194-C2DF82216CDC}
	EndGlobalSection
EndGlobal
